// !$*UTF8*$!
{
	archiveVersion = 1;
	classes = {
	};
	objectVersion = 55;
	objects = {

/* Begin PBXBuildFile section */
		C349D27628E429C40000F39F /* APIHandler.swift in Sources */ = {isa = PBXBuildFile; fileRef = C349D27528E429C40000F39F /* APIHandler.swift */; };
		C349D27D28E430870000F39F /* Books.xcdatamodeld in Sources */ = {isa = PBXBuildFile; fileRef = C349D27B28E430870000F39F /* Books.xcdatamodeld */; };
		C349D27F28E431800000F39F /* CoreDataHandler.swift in Sources */ = {isa = PBXBuildFile; fileRef = C349D27E28E431800000F39F /* CoreDataHandler.swift */; };
		C366DFEE28E6D840007A084B /* APIServiceTests.swift in Sources */ = {isa = PBXBuildFile; fileRef = C366DFED28E6D840007A084B /* APIServiceTests.swift */; };
		C3873BDF28E38503003BF08A /* AppDelegate.swift in Sources */ = {isa = PBXBuildFile; fileRef = C3873BDE28E38503003BF08A /* AppDelegate.swift */; };
		C3873BE128E38503003BF08A /* SceneDelegate.swift in Sources */ = {isa = PBXBuildFile; fileRef = C3873BE028E38503003BF08A /* SceneDelegate.swift */; };
		C3873BE328E38503003BF08A /* MainVC.swift in Sources */ = {isa = PBXBuildFile; fileRef = C3873BE228E38503003BF08A /* MainVC.swift */; };
		C3873BE628E38503003BF08A /* Main.storyboard in Resources */ = {isa = PBXBuildFile; fileRef = C3873BE428E38503003BF08A /* Main.storyboard */; };
		C3873BE828E38507003BF08A /* Assets.xcassets in Resources */ = {isa = PBXBuildFile; fileRef = C3873BE728E38507003BF08A /* Assets.xcassets */; };
		C3873BEB28E38507003BF08A /* LaunchScreen.storyboard in Resources */ = {isa = PBXBuildFile; fileRef = C3873BE928E38507003BF08A /* LaunchScreen.storyboard */; };
		C3873BF428E38566003BF08A /* Result.swift in Sources */ = {isa = PBXBuildFile; fileRef = C3873BF328E38566003BF08A /* Result.swift */; };
		C3C69A2128E4668F00A94760 /* SearchVC.swift in Sources */ = {isa = PBXBuildFile; fileRef = C3C69A2028E4668F00A94760 /* SearchVC.swift */; };
		C3C69A2328E466AA00A94760 /* FavoriteVC.swift in Sources */ = {isa = PBXBuildFile; fileRef = C3C69A2228E466AA00A94760 /* FavoriteVC.swift */; };
		C3C69A2628E471CB00A94760 /* BookCell.swift in Sources */ = {isa = PBXBuildFile; fileRef = C3C69A2528E471CB00A94760 /* BookCell.swift */; };
		C3C69A2928E475BB00A94760 /* UIImageView+Extensions.swift in Sources */ = {isa = PBXBuildFile; fileRef = C3C69A2828E475BB00A94760 /* UIImageView+Extensions.swift */; };
		C3C69A2B28E4812B00A94760 /* MainVC+Extensions.swift in Sources */ = {isa = PBXBuildFile; fileRef = C3C69A2A28E4812B00A94760 /* MainVC+Extensions.swift */; };
		C3C69A2D28E4857100A94760 /* BookDetailVC.swift in Sources */ = {isa = PBXBuildFile; fileRef = C3C69A2C28E4857100A94760 /* BookDetailVC.swift */; };
		C3C69A2F28E4912500A94760 /* SearchCell.swift in Sources */ = {isa = PBXBuildFile; fileRef = C3C69A2E28E4912500A94760 /* SearchCell.swift */; };
		C3C69A3128E5852400A94760 /* String+Extensions.swift in Sources */ = {isa = PBXBuildFile; fileRef = C3C69A3028E5852400A94760 /* String+Extensions.swift */; };
		C3C69A3328E6082300A94760 /* SearchVC+Extensions.swift in Sources */ = {isa = PBXBuildFile; fileRef = C3C69A3228E6082300A94760 /* SearchVC+Extensions.swift */; };
		C3C69A3528E6088700A94760 /* FavoriteVC+Extensions.swift in Sources */ = {isa = PBXBuildFile; fileRef = C3C69A3428E6088700A94760 /* FavoriteVC+Extensions.swift */; };
/* End PBXBuildFile section */

/* Begin PBXContainerItemProxy section */
		C366DFE828E6D77A007A084B /* PBXContainerItemProxy */ = {
			isa = PBXContainerItemProxy;
			containerPortal = C3873BD328E38503003BF08A /* Project object */;
			proxyType = 1;
			remoteGlobalIDString = C3873BDA28E38503003BF08A;
			remoteInfo = BooksTest;
		};
/* End PBXContainerItemProxy section */

/* Begin PBXFileReference section */
		C349D27528E429C40000F39F /* APIHandler.swift */ = {isa = PBXFileReference; lastKnownFileType = sourcecode.swift; path = APIHandler.swift; sourceTree = "<group>"; };
		C349D27C28E430870000F39F /* Books.xcdatamodel */ = {isa = PBXFileReference; lastKnownFileType = wrapper.xcdatamodel; path = Books.xcdatamodel; sourceTree = "<group>"; };
		C349D27E28E431800000F39F /* CoreDataHandler.swift */ = {isa = PBXFileReference; lastKnownFileType = sourcecode.swift; path = CoreDataHandler.swift; sourceTree = "<group>"; };
		C366DFE428E6D77A007A084B /* BooksTestTests.xctest */ = {isa = PBXFileReference; explicitFileType = wrapper.cfbundle; includeInIndex = 0; path = BooksTestTests.xctest; sourceTree = BUILT_PRODUCTS_DIR; };
		C366DFED28E6D840007A084B /* APIServiceTests.swift */ = {isa = PBXFileReference; lastKnownFileType = sourcecode.swift; path = APIServiceTests.swift; sourceTree = "<group>"; };
		C3873BDB28E38503003BF08A /* BooksTest.app */ = {isa = PBXFileReference; explicitFileType = wrapper.application; includeInIndex = 0; path = BooksTest.app; sourceTree = BUILT_PRODUCTS_DIR; };
		C3873BDE28E38503003BF08A /* AppDelegate.swift */ = {isa = PBXFileReference; lastKnownFileType = sourcecode.swift; path = AppDelegate.swift; sourceTree = "<group>"; };
		C3873BE028E38503003BF08A /* SceneDelegate.swift */ = {isa = PBXFileReference; lastKnownFileType = sourcecode.swift; path = SceneDelegate.swift; sourceTree = "<group>"; };
		C3873BE228E38503003BF08A /* MainVC.swift */ = {isa = PBXFileReference; lastKnownFileType = sourcecode.swift; path = MainVC.swift; sourceTree = "<group>"; };
		C3873BE528E38503003BF08A /* Base */ = {isa = PBXFileReference; lastKnownFileType = file.storyboard; name = Base; path = Base.lproj/Main.storyboard; sourceTree = "<group>"; };
		C3873BE728E38507003BF08A /* Assets.xcassets */ = {isa = PBXFileReference; lastKnownFileType = folder.assetcatalog; path = Assets.xcassets; sourceTree = "<group>"; };
		C3873BEA28E38507003BF08A /* Base */ = {isa = PBXFileReference; lastKnownFileType = file.storyboard; name = Base; path = Base.lproj/LaunchScreen.storyboard; sourceTree = "<group>"; };
		C3873BEC28E38507003BF08A /* Info.plist */ = {isa = PBXFileReference; lastKnownFileType = text.plist.xml; path = Info.plist; sourceTree = "<group>"; };
		C3873BF328E38566003BF08A /* Result.swift */ = {isa = PBXFileReference; lastKnownFileType = sourcecode.swift; path = Result.swift; sourceTree = "<group>"; };
		C3C69A2028E4668F00A94760 /* SearchVC.swift */ = {isa = PBXFileReference; lastKnownFileType = sourcecode.swift; path = SearchVC.swift; sourceTree = "<group>"; };
		C3C69A2228E466AA00A94760 /* FavoriteVC.swift */ = {isa = PBXFileReference; lastKnownFileType = sourcecode.swift; path = FavoriteVC.swift; sourceTree = "<group>"; };
		C3C69A2528E471CB00A94760 /* BookCell.swift */ = {isa = PBXFileReference; lastKnownFileType = sourcecode.swift; path = BookCell.swift; sourceTree = "<group>"; };
		C3C69A2828E475BB00A94760 /* UIImageView+Extensions.swift */ = {isa = PBXFileReference; lastKnownFileType = sourcecode.swift; path = "UIImageView+Extensions.swift"; sourceTree = "<group>"; };
		C3C69A2A28E4812B00A94760 /* MainVC+Extensions.swift */ = {isa = PBXFileReference; lastKnownFileType = sourcecode.swift; path = "MainVC+Extensions.swift"; sourceTree = "<group>"; };
		C3C69A2C28E4857100A94760 /* BookDetailVC.swift */ = {isa = PBXFileReference; lastKnownFileType = sourcecode.swift; path = BookDetailVC.swift; sourceTree = "<group>"; };
		C3C69A2E28E4912500A94760 /* SearchCell.swift */ = {isa = PBXFileReference; lastKnownFileType = sourcecode.swift; path = SearchCell.swift; sourceTree = "<group>"; };
		C3C69A3028E5852400A94760 /* String+Extensions.swift */ = {isa = PBXFileReference; lastKnownFileType = sourcecode.swift; path = "String+Extensions.swift"; sourceTree = "<group>"; };
		C3C69A3228E6082300A94760 /* SearchVC+Extensions.swift */ = {isa = PBXFileReference; lastKnownFileType = sourcecode.swift; path = "SearchVC+Extensions.swift"; sourceTree = "<group>"; };
		C3C69A3428E6088700A94760 /* FavoriteVC+Extensions.swift */ = {isa = PBXFileReference; lastKnownFileType = sourcecode.swift; path = "FavoriteVC+Extensions.swift"; sourceTree = "<group>"; };
/* End PBXFileReference section */

/* Begin PBXFrameworksBuildPhase section */
		C366DFE128E6D77A007A084B /* Frameworks */ = {
			isa = PBXFrameworksBuildPhase;
			buildActionMask = 2147483647;
			files = (
			);
			runOnlyForDeploymentPostprocessing = 0;
		};
		C3873BD828E38503003BF08A /* Frameworks */ = {
			isa = PBXFrameworksBuildPhase;
			buildActionMask = 2147483647;
			files = (
			);
			runOnlyForDeploymentPostprocessing = 0;
		};
/* End PBXFrameworksBuildPhase section */

/* Begin PBXGroup section */
		C349D27428E429B40000F39F /* Network */ = {
			isa = PBXGroup;
			children = (
				C349D27528E429C40000F39F /* APIHandler.swift */,
			);
			path = Network;
			sourceTree = "<group>";
		};
		C349D27728E4303F0000F39F /* CoreData */ = {
			isa = PBXGroup;
			children = (
				C349D27B28E430870000F39F /* Books.xcdatamodeld */,
				C349D27E28E431800000F39F /* CoreDataHandler.swift */,
			);
			path = CoreData;
			sourceTree = "<group>";
		};
		C366DFE528E6D77A007A084B /* BooksTestTests */ = {
			isa = PBXGroup;
			children = (
				C366DFED28E6D840007A084B /* APIServiceTests.swift */,
			);
			path = BooksTestTests;
			sourceTree = "<group>";
		};
		C3873BD228E38503003BF08A = {
			isa = PBXGroup;
			children = (
				C3873BDD28E38503003BF08A /* BooksTest */,
				C366DFE528E6D77A007A084B /* BooksTestTests */,
				C3873BDC28E38503003BF08A /* Products */,
			);
			sourceTree = "<group>";
		};
		C3873BDC28E38503003BF08A /* Products */ = {
			isa = PBXGroup;
			children = (
				C3873BDB28E38503003BF08A /* BooksTest.app */,
				C366DFE428E6D77A007A084B /* BooksTestTests.xctest */,
			);
			name = Products;
			sourceTree = "<group>";
		};
		C3873BDD28E38503003BF08A /* BooksTest */ = {
			isa = PBXGroup;
			children = (
				C3C69A3728E60B2600A94760 /* Delegates */,
				C3C69A2728E475A700A94760 /* Extensions */,
				C3C69A1F28E4664A00A94760 /* Views */,
				C349D27728E4303F0000F39F /* CoreData */,
				C349D27428E429B40000F39F /* Network */,
				C3873BF228E38532003BF08A /* Models */,
				C3C69A3828E60B4B00A94760 /* Helpers */,
			);
			path = BooksTest;
			sourceTree = "<group>";
		};
		C3873BF228E38532003BF08A /* Models */ = {
			isa = PBXGroup;
			children = (
				C3873BF328E38566003BF08A /* Result.swift */,
			);
			path = Models;
			sourceTree = "<group>";
		};
		C3C69A1F28E4664A00A94760 /* Views */ = {
			isa = PBXGroup;
			children = (
				C3C69A3628E60AD700A94760 /* Main */,
				C3C69A2428E46F2200A94760 /* Cell */,
			);
			path = Views;
			sourceTree = "<group>";
		};
		C3C69A2428E46F2200A94760 /* Cell */ = {
			isa = PBXGroup;
			children = (
				C3C69A2528E471CB00A94760 /* BookCell.swift */,
				C3C69A2E28E4912500A94760 /* SearchCell.swift */,
			);
			path = Cell;
			sourceTree = "<group>";
		};
		C3C69A2728E475A700A94760 /* Extensions */ = {
			isa = PBXGroup;
			children = (
				C3C69A2828E475BB00A94760 /* UIImageView+Extensions.swift */,
				C3C69A2A28E4812B00A94760 /* MainVC+Extensions.swift */,
				C3C69A3028E5852400A94760 /* String+Extensions.swift */,
				C3C69A3228E6082300A94760 /* SearchVC+Extensions.swift */,
				C3C69A3428E6088700A94760 /* FavoriteVC+Extensions.swift */,
			);
			path = Extensions;
			sourceTree = "<group>";
		};
		C3C69A3628E60AD700A94760 /* Main */ = {
			isa = PBXGroup;
			children = (
				C3873BE228E38503003BF08A /* MainVC.swift */,
				C3C69A2028E4668F00A94760 /* SearchVC.swift */,
				C3C69A2228E466AA00A94760 /* FavoriteVC.swift */,
				C3C69A2C28E4857100A94760 /* BookDetailVC.swift */,
			);
			path = Main;
			sourceTree = "<group>";
		};
		C3C69A3728E60B2600A94760 /* Delegates */ = {
			isa = PBXGroup;
			children = (
				C3873BDE28E38503003BF08A /* AppDelegate.swift */,
				C3873BE028E38503003BF08A /* SceneDelegate.swift */,
			);
			path = Delegates;
			sourceTree = "<group>";
		};
		C3C69A3828E60B4B00A94760 /* Helpers */ = {
			isa = PBXGroup;
			children = (
				C3873BE428E38503003BF08A /* Main.storyboard */,
				C3873BE728E38507003BF08A /* Assets.xcassets */,
				C3873BE928E38507003BF08A /* LaunchScreen.storyboard */,
				C3873BEC28E38507003BF08A /* Info.plist */,
			);
			path = Helpers;
			sourceTree = "<group>";
		};
/* End PBXGroup section */

/* Begin PBXNativeTarget section */
		C366DFE328E6D77A007A084B /* BooksTestTests */ = {
			isa = PBXNativeTarget;
			buildConfigurationList = C366DFEC28E6D77A007A084B /* Build configuration list for PBXNativeTarget "BooksTestTests" */;
			buildPhases = (
				C366DFE028E6D77A007A084B /* Sources */,
				C366DFE128E6D77A007A084B /* Frameworks */,
				C366DFE228E6D77A007A084B /* Resources */,
			);
			buildRules = (
			);
			dependencies = (
				C366DFE928E6D77A007A084B /* PBXTargetDependency */,
			);
			name = BooksTestTests;
			productName = BooksTestTests;
			productReference = C366DFE428E6D77A007A084B /* BooksTestTests.xctest */;
			productType = "com.apple.product-type.bundle.unit-test";
		};
		C3873BDA28E38503003BF08A /* BooksTest */ = {
			isa = PBXNativeTarget;
			buildConfigurationList = C3873BEF28E38507003BF08A /* Build configuration list for PBXNativeTarget "BooksTest" */;
			buildPhases = (
				C3873BD728E38503003BF08A /* Sources */,
				C3873BD828E38503003BF08A /* Frameworks */,
				C3873BD928E38503003BF08A /* Resources */,
			);
			buildRules = (
			);
			dependencies = (
			);
			name = BooksTest;
			productName = BooksTest;
			productReference = C3873BDB28E38503003BF08A /* BooksTest.app */;
			productType = "com.apple.product-type.application";
		};
/* End PBXNativeTarget section */

/* Begin PBXProject section */
		C3873BD328E38503003BF08A /* Project object */ = {
			isa = PBXProject;
			attributes = {
				BuildIndependentTargetsInParallel = 1;
				LastSwiftUpdateCheck = 1340;
				LastUpgradeCheck = 1340;
				TargetAttributes = {
					C366DFE328E6D77A007A084B = {
						CreatedOnToolsVersion = 13.4.1;
						LastSwiftMigration = 1340;
						TestTargetID = C3873BDA28E38503003BF08A;
					};
					C3873BDA28E38503003BF08A = {
						CreatedOnToolsVersion = 13.4.1;
					};
				};
			};
			buildConfigurationList = C3873BD628E38503003BF08A /* Build configuration list for PBXProject "BooksTest" */;
			compatibilityVersion = "Xcode 13.0";
			developmentRegion = en;
			hasScannedForEncodings = 0;
			knownRegions = (
				en,
				Base,
			);
			mainGroup = C3873BD228E38503003BF08A;
			productRefGroup = C3873BDC28E38503003BF08A /* Products */;
			projectDirPath = "";
			projectRoot = "";
			targets = (
				C3873BDA28E38503003BF08A /* BooksTest */,
				C366DFE328E6D77A007A084B /* BooksTestTests */,
			);
		};
/* End PBXProject section */

/* Begin PBXResourcesBuildPhase section */
		C366DFE228E6D77A007A084B /* Resources */ = {
			isa = PBXResourcesBuildPhase;
			buildActionMask = 2147483647;
			files = (
			);
			runOnlyForDeploymentPostprocessing = 0;
		};
		C3873BD928E38503003BF08A /* Resources */ = {
			isa = PBXResourcesBuildPhase;
			buildActionMask = 2147483647;
			files = (
				C3873BEB28E38507003BF08A /* LaunchScreen.storyboard in Resources */,
				C3873BE828E38507003BF08A /* Assets.xcassets in Resources */,
				C3873BE628E38503003BF08A /* Main.storyboard in Resources */,
			);
			runOnlyForDeploymentPostprocessing = 0;
		};
/* End PBXResourcesBuildPhase section */

/* Begin PBXSourcesBuildPhase section */
		C366DFE028E6D77A007A084B /* Sources */ = {
			isa = PBXSourcesBuildPhase;
			buildActionMask = 2147483647;
			files = (
				C366DFEE28E6D840007A084B /* APIServiceTests.swift in Sources */,
			);
			runOnlyForDeploymentPostprocessing = 0;
		};
		C3873BD728E38503003BF08A /* Sources */ = {
			isa = PBXSourcesBuildPhase;
			buildActionMask = 2147483647;
			files = (
				C3C69A2128E4668F00A94760 /* SearchVC.swift in Sources */,
				C3C69A3528E6088700A94760 /* FavoriteVC+Extensions.swift in Sources */,
				C3C69A2328E466AA00A94760 /* FavoriteVC.swift in Sources */,
				C3C69A2928E475BB00A94760 /* UIImageView+Extensions.swift in Sources */,
				C3C69A2F28E4912500A94760 /* SearchCell.swift in Sources */,
				C3C69A2B28E4812B00A94760 /* MainVC+Extensions.swift in Sources */,
				C349D27F28E431800000F39F /* CoreDataHandler.swift in Sources */,
				C3873BE328E38503003BF08A /* MainVC.swift in Sources */,
				C3C69A2628E471CB00A94760 /* BookCell.swift in Sources */,
				C3C69A2D28E4857100A94760 /* BookDetailVC.swift in Sources */,
				C3873BDF28E38503003BF08A /* AppDelegate.swift in Sources */,
				C3C69A3128E5852400A94760 /* String+Extensions.swift in Sources */,
				C349D27628E429C40000F39F /* APIHandler.swift in Sources */,
				C3873BF428E38566003BF08A /* Result.swift in Sources */,
				C349D27D28E430870000F39F /* Books.xcdatamodeld in Sources */,
				C3C69A3328E6082300A94760 /* SearchVC+Extensions.swift in Sources */,
				C3873BE128E38503003BF08A /* SceneDelegate.swift in Sources */,
			);
			runOnlyForDeploymentPostprocessing = 0;
		};
/* End PBXSourcesBuildPhase section */

/* Begin PBXTargetDependency section */
		C366DFE928E6D77A007A084B /* PBXTargetDependency */ = {
			isa = PBXTargetDependency;
			target = C3873BDA28E38503003BF08A /* BooksTest */;
			targetProxy = C366DFE828E6D77A007A084B /* PBXContainerItemProxy */;
		};
/* End PBXTargetDependency section */

/* Begin PBXVariantGroup section */
		C3873BE428E38503003BF08A /* Main.storyboard */ = {
			isa = PBXVariantGroup;
			children = (
				C3873BE528E38503003BF08A /* Base */,
			);
			name = Main.storyboard;
			sourceTree = "<group>";
		};
		C3873BE928E38507003BF08A /* LaunchScreen.storyboard */ = {
			isa = PBXVariantGroup;
			children = (
				C3873BEA28E38507003BF08A /* Base */,
			);
			name = LaunchScreen.storyboard;
			sourceTree = "<group>";
		};
/* End PBXVariantGroup section */

/* Begin XCBuildConfiguration section */
		C366DFEA28E6D77A007A084B /* Debug */ = {
			isa = XCBuildConfiguration;
			buildSettings = {
				BUNDLE_LOADER = "$(TEST_HOST)";
				CLANG_ENABLE_MODULES = YES;
				CODE_SIGN_STYLE = Automatic;
				CURRENT_PROJECT_VERSION = 1;
				GENERATE_INFOPLIST_FILE = YES;
				LD_RUNPATH_SEARCH_PATHS = (
					"$(inherited)",
					"@executable_path/Frameworks",
					"@loader_path/Frameworks",
				);
				MARKETING_VERSION = 1.0;
				PRODUCT_BUNDLE_IDENTIFIER = com.BooksTestTests;
				PRODUCT_NAME = "$(TARGET_NAME)";
				SWIFT_EMIT_LOC_STRINGS = NO;
				SWIFT_OPTIMIZATION_LEVEL = "-Onone";
				SWIFT_VERSION = 5.0;
				TARGETED_DEVICE_FAMILY = "1,2";
				TEST_HOST = "$(BUILT_PRODUCTS_DIR)/BooksTest.app/BooksTest";
			};
			name = Debug;
		};
		C366DFEB28E6D77A007A084B /* Release */ = {
			isa = XCBuildConfiguration;
			buildSettings = {
				BUNDLE_LOADER = "$(TEST_HOST)";
				CLANG_ENABLE_MODULES = YES;
				CODE_SIGN_STYLE = Automatic;
				CURRENT_PROJECT_VERSION = 1;
				GENERATE_INFOPLIST_FILE = YES;
				LD_RUNPATH_SEARCH_PATHS = (
					"$(inherited)",
					"@executable_path/Frameworks",
					"@loader_path/Frameworks",
				);
				MARKETING_VERSION = 1.0;
				PRODUCT_BUNDLE_IDENTIFIER = com.BooksTestTests;
				PRODUCT_NAME = "$(TARGET_NAME)";
				SWIFT_EMIT_LOC_STRINGS = NO;
				SWIFT_VERSION = 5.0;
				TARGETED_DEVICE_FAMILY = "1,2";
				TEST_HOST = "$(BUILT_PRODUCTS_DIR)/BooksTest.app/BooksTest";
			};
			name = Release;
		};
		C3873BED28E38507003BF08A /* Debug */ = {
			isa = XCBuildConfiguration;
			buildSettings = {
				ALWAYS_SEARCH_USER_PATHS = NO;
				CLANG_ANALYZER_NONNULL = YES;
				CLANG_ANALYZER_NUMBER_OBJECT_CONVERSION = YES_AGGRESSIVE;
				CLANG_CXX_LANGUAGE_STANDARD = "gnu++17";
				CLANG_ENABLE_MODULES = YES;
				CLANG_ENABLE_OBJC_ARC = YES;
				CLANG_ENABLE_OBJC_WEAK = YES;
				CLANG_WARN_BLOCK_CAPTURE_AUTORELEASING = YES;
				CLANG_WARN_BOOL_CONVERSION = YES;
				CLANG_WARN_COMMA = YES;
				CLANG_WARN_CONSTANT_CONVERSION = YES;
				CLANG_WARN_DEPRECATED_OBJC_IMPLEMENTATIONS = YES;
				CLANG_WARN_DIRECT_OBJC_ISA_USAGE = YES_ERROR;
				CLANG_WARN_DOCUMENTATION_COMMENTS = YES;
				CLANG_WARN_EMPTY_BODY = YES;
				CLANG_WARN_ENUM_CONVERSION = YES;
				CLANG_WARN_INFINITE_RECURSION = YES;
				CLANG_WARN_INT_CONVERSION = YES;
				CLANG_WARN_NON_LITERAL_NULL_CONVERSION = YES;
				CLANG_WARN_OBJC_IMPLICIT_RETAIN_SELF = YES;
				CLANG_WARN_OBJC_LITERAL_CONVERSION = YES;
				CLANG_WARN_OBJC_ROOT_CLASS = YES_ERROR;
				CLANG_WARN_QUOTED_INCLUDE_IN_FRAMEWORK_HEADER = YES;
				CLANG_WARN_RANGE_LOOP_ANALYSIS = YES;
				CLANG_WARN_STRICT_PROTOTYPES = YES;
				CLANG_WARN_SUSPICIOUS_MOVE = YES;
				CLANG_WARN_UNGUARDED_AVAILABILITY = YES_AGGRESSIVE;
				CLANG_WARN_UNREACHABLE_CODE = YES;
				CLANG_WARN__DUPLICATE_METHOD_MATCH = YES;
				COPY_PHASE_STRIP = NO;
				DEBUG_INFORMATION_FORMAT = dwarf;
				ENABLE_STRICT_OBJC_MSGSEND = YES;
				ENABLE_TESTABILITY = YES;
				GCC_C_LANGUAGE_STANDARD = gnu11;
				GCC_DYNAMIC_NO_PIC = NO;
				GCC_NO_COMMON_BLOCKS = YES;
				GCC_OPTIMIZATION_LEVEL = 0;
				GCC_PREPROCESSOR_DEFINITIONS = (
					"DEBUG=1",
					"$(inherited)",
				);
				GCC_WARN_64_TO_32_BIT_CONVERSION = YES;
				GCC_WARN_ABOUT_RETURN_TYPE = YES_ERROR;
				GCC_WARN_UNDECLARED_SELECTOR = YES;
				GCC_WARN_UNINITIALIZED_AUTOS = YES_AGGRESSIVE;
				GCC_WARN_UNUSED_FUNCTION = YES;
				GCC_WARN_UNUSED_VARIABLE = YES;
				IPHONEOS_DEPLOYMENT_TARGET = 15.5;
				MTL_ENABLE_DEBUG_INFO = INCLUDE_SOURCE;
				MTL_FAST_MATH = YES;
				ONLY_ACTIVE_ARCH = YES;
				SDKROOT = iphoneos;
				SWIFT_ACTIVE_COMPILATION_CONDITIONS = DEBUG;
				SWIFT_OPTIMIZATION_LEVEL = "-Onone";
			};
			name = Debug;
		};
		C3873BEE28E38507003BF08A /* Release */ = {
			isa = XCBuildConfiguration;
			buildSettings = {
				ALWAYS_SEARCH_USER_PATHS = NO;
				CLANG_ANALYZER_NONNULL = YES;
				CLANG_ANALYZER_NUMBER_OBJECT_CONVERSION = YES_AGGRESSIVE;
				CLANG_CXX_LANGUAGE_STANDARD = "gnu++17";
				CLANG_ENABLE_MODULES = YES;
				CLANG_ENABLE_OBJC_ARC = YES;
				CLANG_ENABLE_OBJC_WEAK = YES;
				CLANG_WARN_BLOCK_CAPTURE_AUTORELEASING = YES;
				CLANG_WARN_BOOL_CONVERSION = YES;
				CLANG_WARN_COMMA = YES;
				CLANG_WARN_CONSTANT_CONVERSION = YES;
				CLANG_WARN_DEPRECATED_OBJC_IMPLEMENTATIONS = YES;
				CLANG_WARN_DIRECT_OBJC_ISA_USAGE = YES_ERROR;
				CLANG_WARN_DOCUMENTATION_COMMENTS = YES;
				CLANG_WARN_EMPTY_BODY = YES;
				CLANG_WARN_ENUM_CONVERSION = YES;
				CLANG_WARN_INFINITE_RECURSION = YES;
				CLANG_WARN_INT_CONVERSION = YES;
				CLANG_WARN_NON_LITERAL_NULL_CONVERSION = YES;
				CLANG_WARN_OBJC_IMPLICIT_RETAIN_SELF = YES;
				CLANG_WARN_OBJC_LITERAL_CONVERSION = YES;
				CLANG_WARN_OBJC_ROOT_CLASS = YES_ERROR;
				CLANG_WARN_QUOTED_INCLUDE_IN_FRAMEWORK_HEADER = YES;
				CLANG_WARN_RANGE_LOOP_ANALYSIS = YES;
				CLANG_WARN_STRICT_PROTOTYPES = YES;
				CLANG_WARN_SUSPICIOUS_MOVE = YES;
				CLANG_WARN_UNGUARDED_AVAILABILITY = YES_AGGRESSIVE;
				CLANG_WARN_UNREACHABLE_CODE = YES;
				CLANG_WARN__DUPLICATE_METHOD_MATCH = YES;
				COPY_PHASE_STRIP = NO;
				DEBUG_INFORMATION_FORMAT = "dwarf-with-dsym";
				ENABLE_NS_ASSERTIONS = NO;
				ENABLE_STRICT_OBJC_MSGSEND = YES;
				GCC_C_LANGUAGE_STANDARD = gnu11;
				GCC_NO_COMMON_BLOCKS = YES;
				GCC_WARN_64_TO_32_BIT_CONVERSION = YES;
				GCC_WARN_ABOUT_RETURN_TYPE = YES_ERROR;
				GCC_WARN_UNDECLARED_SELECTOR = YES;
				GCC_WARN_UNINITIALIZED_AUTOS = YES_AGGRESSIVE;
				GCC_WARN_UNUSED_FUNCTION = YES;
				GCC_WARN_UNUSED_VARIABLE = YES;
				IPHONEOS_DEPLOYMENT_TARGET = 15.5;
				MTL_ENABLE_DEBUG_INFO = NO;
				MTL_FAST_MATH = YES;
				SDKROOT = iphoneos;
				SWIFT_COMPILATION_MODE = wholemodule;
				SWIFT_OPTIMIZATION_LEVEL = "-O";
				VALIDATE_PRODUCT = YES;
			};
			name = Release;
		};
		C3873BF028E38507003BF08A /* Debug */ = {
			isa = XCBuildConfiguration;
			buildSettings = {
				ASSETCATALOG_COMPILER_APPICON_NAME = AppIcon;
				ASSETCATALOG_COMPILER_GLOBAL_ACCENT_COLOR_NAME = AccentColor;
				CODE_SIGN_STYLE = Automatic;
				CURRENT_PROJECT_VERSION = 1;
				DEVELOPMENT_TEAM = KR27W5AMCJ;
				GENERATE_INFOPLIST_FILE = YES;
				INFOPLIST_FILE = BooksTest/Helpers/Info.plist;
				INFOPLIST_KEY_UIApplicationSupportsIndirectInputEvents = YES;
				INFOPLIST_KEY_UILaunchStoryboardName = LaunchScreen;
				INFOPLIST_KEY_UIMainStoryboardFile = Main;
				INFOPLIST_KEY_UISupportedInterfaceOrientations_iPad = "UIInterfaceOrientationPortrait UIInterfaceOrientationPortraitUpsideDown UIInterfaceOrientationLandscapeLeft UIInterfaceOrientationLandscapeRight";
				INFOPLIST_KEY_UISupportedInterfaceOrientations_iPhone = "UIInterfaceOrientationPortrait UIInterfaceOrientationLandscapeLeft UIInterfaceOrientationLandscapeRight";
				LD_RUNPATH_SEARCH_PATHS = (
					"$(inherited)",
					"@executable_path/Frameworks",
				);
				MARKETING_VERSION = 1.0;
				PRODUCT_BUNDLE_IDENTIFIER = com.BooksTest;
				PRODUCT_NAME = "$(TARGET_NAME)";
				SWIFT_EMIT_LOC_STRINGS = YES;
				SWIFT_VERSION = 5.0;
				TARGETED_DEVICE_FAMILY = "1,2";
			};
			name = Debug;
		};
		C3873BF128E38507003BF08A /* Release */ = {
			isa = XCBuildConfiguration;
			buildSettings = {
				ASSETCATALOG_COMPILER_APPICON_NAME = AppIcon;
				ASSETCATALOG_COMPILER_GLOBAL_ACCENT_COLOR_NAME = AccentColor;
				CODE_SIGN_STYLE = Automatic;
				CURRENT_PROJECT_VERSION = 1;
				DEVELOPMENT_TEAM = KR27W5AMCJ;
				GENERATE_INFOPLIST_FILE = YES;
				INFOPLIST_FILE = BooksTest/Helpers/Info.plist;
				INFOPLIST_KEY_UIApplicationSupportsIndirectInputEvents = YES;
				INFOPLIST_KEY_UILaunchStoryboardName = LaunchScreen;
				INFOPLIST_KEY_UIMainStoryboardFile = Main;
				INFOPLIST_KEY_UISupportedInterfaceOrientations_iPad = "UIInterfaceOrientationPortrait UIInterfaceOrientationPortraitUpsideDown UIInterfaceOrientationLandscapeLeft UIInterfaceOrientationLandscapeRight";
				INFOPLIST_KEY_UISupportedInterfaceOrientations_iPhone = "UIInterfaceOrientationPortrait UIInterfaceOrientationLandscapeLeft UIInterfaceOrientationLandscapeRight";
				LD_RUNPATH_SEARCH_PATHS = (
					"$(inherited)",
					"@executable_path/Frameworks",
				);
				MARKETING_VERSION = 1.0;
				PRODUCT_BUNDLE_IDENTIFIER = com.BooksTest;
				PRODUCT_NAME = "$(TARGET_NAME)";
				SWIFT_EMIT_LOC_STRINGS = YES;
				SWIFT_VERSION = 5.0;
				TARGETED_DEVICE_FAMILY = "1,2";
			};
			name = Release;
		};
/* End XCBuildConfiguration section */

/* Begin XCConfigurationList section */
		C366DFEC28E6D77A007A084B /* Build configuration list for PBXNativeTarget "BooksTestTests" */ = {
			isa = XCConfigurationList;
			buildConfigurations = (
				C366DFEA28E6D77A007A084B /* Debug */,
				C366DFEB28E6D77A007A084B /* Release */,
			);
			defaultConfigurationIsVisible = 0;
			defaultConfigurationName = Release;
		};
		C3873BD628E38503003BF08A /* Build configuration list for PBXProject "BooksTest" */ = {
			isa = XCConfigurationList;
			buildConfigurations = (
				C3873BED28E38507003BF08A /* Debug */,
				C3873BEE28E38507003BF08A /* Release */,
			);
			defaultConfigurationIsVisible = 0;
			defaultConfigurationName = Release;
		};
		C3873BEF28E38507003BF08A /* Build configuration list for PBXNativeTarget "BooksTest" */ = {
			isa = XCConfigurationList;
			buildConfigurations = (
				C3873BF028E38507003BF08A /* Debug */,
				C3873BF128E38507003BF08A /* Release */,
			);
			defaultConfigurationIsVisible = 0;
			defaultConfigurationName = Release;
		};
/* End XCConfigurationList section */

/* Begin XCVersionGroup section */
		C349D27B28E430870000F39F /* Books.xcdatamodeld */ = {
			isa = XCVersionGroup;
			children = (
				C349D27C28E430870000F39F /* Books.xcdatamodel */,
			);
			currentVersion = C349D27C28E430870000F39F /* Books.xcdatamodel */;
			path = Books.xcdatamodeld;
			sourceTree = "<group>";
			versionGroupType = wrapper.xcdatamodel;
		};
/* End XCVersionGroup section */
	};
	rootObject = C3873BD328E38503003BF08A /* Project object */;
}
